
Microsoft Visual Studio Solution File, Format Version 12.00
Project("{FAE04EC0-301F-11D3-BF4B-00C04F79EFBC}") = "ConsoleApp1", "ConsoleApp1\ConsoleApp1.csproj", "{0ED37D6E-CA93-4C05-8AC3-4A618E074CFD}"
EndProject
Project("{FAE04EC0-301F-11D3-BF4B-00C04F79EFBC}") = "ConsoleApp2", "ConsoleApp2\ConsoleApp2.csproj", "{4D66CB2C-1196-4ECC-A3C7-DCF0FC806A86}"
EndProject
Project("{FAE04EC0-301F-11D3-BF4B-00C04F79EFBC}") = "ConsoleApp3", "ConsoleApp3\ConsoleApp3.csproj", "{D78EAD79-37B9-4A68-9798-34206A330ADC}"
EndProject
Project("{FAE04EC0-301F-11D3-BF4B-00C04F79EFBC}") = "ConsoleApp3B", "ConsoleApp3B\ConsoleApp3B.csproj", "{92445ECD-69F2-435A-BAC3-555196F64EC3}"
EndProject
Project("{FAE04EC0-301F-11D3-BF4B-00C04F79EFBC}") = "ConsoleApp4A", "ConsoleApp4A\ConsoleApp4A.csproj", "{9BD8C6C9-95E7-45B5-A4E2-894C0816C491}"
EndProject
Project("{FAE04EC0-301F-11D3-BF4B-00C04F79EFBC}") = "ConsoleApp4B", "ConsoleApp4B\ConsoleApp4B.csproj", "{5DA90A1C-3579-4D5F-8833-46880C8CE000}"
EndProject
Project("{FAE04EC0-301F-11D3-BF4B-00C04F79EFBC}") = "ConsoleApp5A", "ConsoleApp5A\ConsoleApp5A.csproj", "{6958BE71-E6A6-4615-AC80-CE0A2AF53767}"
EndProject
Project("{FAE04EC0-301F-11D3-BF4B-00C04F79EFBC}") = "ConsoleApp5B", "ConsoleApp5B\ConsoleApp5B.csproj", "{D1ECAE13-CAA5-47B6-88D1-978F68723C51}"
EndProject
Project("{FAE04EC0-301F-11D3-BF4B-00C04F79EFBC}") = "ConsoleApp6A", "ConsoleApp6A\ConsoleApp6A.csproj", "{90FF5DE3-63C6-475D-A4B5-955585092C07}"
EndProject
Project("{FAE04EC0-301F-11D3-BF4B-00C04F79EFBC}") = "ConsoleApp8A", "ConsoleApp8A\ConsoleApp8A.csproj", "{6ED6C1DC-016D-48FC-9AAF-965DE9C9C7D8}"
EndProject
Project("{FAE04EC0-301F-11D3-BF4B-00C04F79EFBC}") = "ConsoleApp8B", "ConsoleApp8B\ConsoleApp8B.csproj", "{3EE510BF-FBB4-4033-AEB6-3366C9890D41}"
EndProject
Project("{FAE04EC0-301F-11D3-BF4B-00C04F79EFBC}") = "ConsoleApp7A", "ConsoleApp7A\ConsoleApp7A.csproj", "{4D0D9907-C696-49BD-9FC5-E53CEF6A8992}"
EndProject
Project("{FAE04EC0-301F-11D3-BF4B-00C04F79EFBC}") = "ConsoleApp7B", "ConsoleApp7B\ConsoleApp7B.csproj", "{2F0E9270-4A01-454C-BE60-1583FC5027B6}"
EndProject
Project("{FAE04EC0-301F-11D3-BF4B-00C04F79EFBC}") = "ConsoleApp9A", "ConsoleApp9A\ConsoleApp9A.csproj", "{2D7B00A0-AC62-4F15-BB29-786EF6F2BC29}"
EndProject
Project("{FAE04EC0-301F-11D3-BF4B-00C04F79EFBC}") = "ConsoleApp9B", "ConsoleApp9B\ConsoleApp9B.csproj", "{82F9622F-C467-4FCD-BBC9-640B1092C04F}"
EndProject
Global
	GlobalSection(SolutionConfigurationPlatforms) = preSolution
		Debug|Any CPU = Debug|Any CPU
		Release|Any CPU = Release|Any CPU
	EndGlobalSection
	GlobalSection(ProjectConfigurationPlatforms) = postSolution
		{0ED37D6E-CA93-4C05-8AC3-4A618E074CFD}.Debug|Any CPU.ActiveCfg = Debug|Any CPU
		{0ED37D6E-CA93-4C05-8AC3-4A618E074CFD}.Debug|Any CPU.Build.0 = Debug|Any CPU
		{0ED37D6E-CA93-4C05-8AC3-4A618E074CFD}.Release|Any CPU.ActiveCfg = Release|Any CPU
		{0ED37D6E-CA93-4C05-8AC3-4A618E074CFD}.Release|Any CPU.Build.0 = Release|Any CPU
		{4D66CB2C-1196-4ECC-A3C7-DCF0FC806A86}.Debug|Any CPU.ActiveCfg = Debug|Any CPU
		{4D66CB2C-1196-4ECC-A3C7-DCF0FC806A86}.Debug|Any CPU.Build.0 = Debug|Any CPU
		{4D66CB2C-1196-4ECC-A3C7-DCF0FC806A86}.Release|Any CPU.ActiveCfg = Release|Any CPU
		{4D66CB2C-1196-4ECC-A3C7-DCF0FC806A86}.Release|Any CPU.Build.0 = Release|Any CPU
		{D78EAD79-37B9-4A68-9798-34206A330ADC}.Debug|Any CPU.ActiveCfg = Debug|Any CPU
		{D78EAD79-37B9-4A68-9798-34206A330ADC}.Debug|Any CPU.Build.0 = Debug|Any CPU
		{D78EAD79-37B9-4A68-9798-34206A330ADC}.Release|Any CPU.ActiveCfg = Release|Any CPU
		{D78EAD79-37B9-4A68-9798-34206A330ADC}.Release|Any CPU.Build.0 = Release|Any CPU
		{92445ECD-69F2-435A-BAC3-555196F64EC3}.Debug|Any CPU.ActiveCfg = Debug|Any CPU
		{92445ECD-69F2-435A-BAC3-555196F64EC3}.Debug|Any CPU.Build.0 = Debug|Any CPU
		{92445ECD-69F2-435A-BAC3-555196F64EC3}.Release|Any CPU.ActiveCfg = Release|Any CPU
		{92445ECD-69F2-435A-BAC3-555196F64EC3}.Release|Any CPU.Build.0 = Release|Any CPU
		{9BD8C6C9-95E7-45B5-A4E2-894C0816C491}.Debug|Any CPU.ActiveCfg = Debug|Any CPU
		{9BD8C6C9-95E7-45B5-A4E2-894C0816C491}.Debug|Any CPU.Build.0 = Debug|Any CPU
		{9BD8C6C9-95E7-45B5-A4E2-894C0816C491}.Release|Any CPU.ActiveCfg = Release|Any CPU
		{9BD8C6C9-95E7-45B5-A4E2-894C0816C491}.Release|Any CPU.Build.0 = Release|Any CPU
		{5DA90A1C-3579-4D5F-8833-46880C8CE000}.Debug|Any CPU.ActiveCfg = Debug|Any CPU
		{5DA90A1C-3579-4D5F-8833-46880C8CE000}.Debug|Any CPU.Build.0 = Debug|Any CPU
		{5DA90A1C-3579-4D5F-8833-46880C8CE000}.Release|Any CPU.ActiveCfg = Release|Any CPU
		{5DA90A1C-3579-4D5F-8833-46880C8CE000}.Release|Any CPU.Build.0 = Release|Any CPU
		{6958BE71-E6A6-4615-AC80-CE0A2AF53767}.Debug|Any CPU.ActiveCfg = Debug|Any CPU
		{6958BE71-E6A6-4615-AC80-CE0A2AF53767}.Debug|Any CPU.Build.0 = Debug|Any CPU
		{6958BE71-E6A6-4615-AC80-CE0A2AF53767}.Release|Any CPU.ActiveCfg = Release|Any CPU
		{6958BE71-E6A6-4615-AC80-CE0A2AF53767}.Release|Any CPU.Build.0 = Release|Any CPU
		{D1ECAE13-CAA5-47B6-88D1-978F68723C51}.Debug|Any CPU.ActiveCfg = Debug|Any CPU
		{D1ECAE13-CAA5-47B6-88D1-978F68723C51}.Debug|Any CPU.Build.0 = Debug|Any CPU
		{D1ECAE13-CAA5-47B6-88D1-978F68723C51}.Release|Any CPU.ActiveCfg = Release|Any CPU
		{D1ECAE13-CAA5-47B6-88D1-978F68723C51}.Release|Any CPU.Build.0 = Release|Any CPU
		{90FF5DE3-63C6-475D-A4B5-955585092C07}.Debug|Any CPU.ActiveCfg = Debug|Any CPU
		{90FF5DE3-63C6-475D-A4B5-955585092C07}.Debug|Any CPU.Build.0 = Debug|Any CPU
		{90FF5DE3-63C6-475D-A4B5-955585092C07}.Release|Any CPU.ActiveCfg = Release|Any CPU
		{90FF5DE3-63C6-475D-A4B5-955585092C07}.Release|Any CPU.Build.0 = Release|Any CPU
		{6ED6C1DC-016D-48FC-9AAF-965DE9C9C7D8}.Debug|Any CPU.ActiveCfg = Debug|Any CPU
		{6ED6C1DC-016D-48FC-9AAF-965DE9C9C7D8}.Debug|Any CPU.Build.0 = Debug|Any CPU
		{6ED6C1DC-016D-48FC-9AAF-965DE9C9C7D8}.Release|Any CPU.ActiveCfg = Release|Any CPU
		{6ED6C1DC-016D-48FC-9AAF-965DE9C9C7D8}.Release|Any CPU.Build.0 = Release|Any CPU
		{3EE510BF-FBB4-4033-AEB6-3366C9890D41}.Debug|Any CPU.ActiveCfg = Debug|Any CPU
		{3EE510BF-FBB4-4033-AEB6-3366C9890D41}.Debug|Any CPU.Build.0 = Debug|Any CPU
		{3EE510BF-FBB4-4033-AEB6-3366C9890D41}.Release|Any CPU.ActiveCfg = Release|Any CPU
		{3EE510BF-FBB4-4033-AEB6-3366C9890D41}.Release|Any CPU.Build.0 = Release|Any CPU
		{4D0D9907-C696-49BD-9FC5-E53CEF6A8992}.Debug|Any CPU.ActiveCfg = Debug|Any CPU
		{4D0D9907-C696-49BD-9FC5-E53CEF6A8992}.Debug|Any CPU.Build.0 = Debug|Any CPU
		{4D0D9907-C696-49BD-9FC5-E53CEF6A8992}.Release|Any CPU.ActiveCfg = Release|Any CPU
		{4D0D9907-C696-49BD-9FC5-E53CEF6A8992}.Release|Any CPU.Build.0 = Release|Any CPU
		{2F0E9270-4A01-454C-BE60-1583FC5027B6}.Debug|Any CPU.ActiveCfg = Debug|Any CPU
		{2F0E9270-4A01-454C-BE60-1583FC5027B6}.Debug|Any CPU.Build.0 = Debug|Any CPU
		{2F0E9270-4A01-454C-BE60-1583FC5027B6}.Release|Any CPU.ActiveCfg = Release|Any CPU
		{2F0E9270-4A01-454C-BE60-1583FC5027B6}.Release|Any CPU.Build.0 = Release|Any CPU
		{2D7B00A0-AC62-4F15-BB29-786EF6F2BC29}.Debug|Any CPU.ActiveCfg = Debug|Any CPU
		{2D7B00A0-AC62-4F15-BB29-786EF6F2BC29}.Debug|Any CPU.Build.0 = Debug|Any CPU
		{2D7B00A0-AC62-4F15-BB29-786EF6F2BC29}.Release|Any CPU.ActiveCfg = Release|Any CPU
		{2D7B00A0-AC62-4F15-BB29-786EF6F2BC29}.Release|Any CPU.Build.0 = Release|Any CPU
		{82F9622F-C467-4FCD-BBC9-640B1092C04F}.Debug|Any CPU.ActiveCfg = Debug|Any CPU
		{82F9622F-C467-4FCD-BBC9-640B1092C04F}.Debug|Any CPU.Build.0 = Debug|Any CPU
		{82F9622F-C467-4FCD-BBC9-640B1092C04F}.Release|Any CPU.ActiveCfg = Release|Any CPU
		{82F9622F-C467-4FCD-BBC9-640B1092C04F}.Release|Any CPU.Build.0 = Release|Any CPU
	EndGlobalSection
EndGlobal
