
Microsoft Visual Studio Solution File, Format Version 12.00
Project("{FAE04EC0-301F-11D3-BF4B-00C04F79EFBC}") = "ConsoleApp01B", "ConsoleApp01B\ConsoleApp01B.csproj", "{0ED37D6E-CA93-4C05-8AC3-4A618E074CFD}"
EndProject
Project("{FAE04EC0-301F-11D3-BF4B-00C04F79EFBC}") = "ConsoleApp02B", "ConsoleApp02B\ConsoleApp02B.csproj", "{4D66CB2C-1196-4ECC-A3C7-DCF0FC806A86}"
EndProject
Project("{FAE04EC0-301F-11D3-BF4B-00C04F79EFBC}") = "ConsoleApp03A", "ConsoleApp03A\ConsoleApp03A.csproj", "{D78EAD79-37B9-4A68-9798-34206A330ADC}"
EndProject
Project("{FAE04EC0-301F-11D3-BF4B-00C04F79EFBC}") = "ConsoleApp03B", "ConsoleApp03B\ConsoleApp03B.csproj", "{92445ECD-69F2-435A-BAC3-555196F64EC3}"
EndProject
Project("{FAE04EC0-301F-11D3-BF4B-00C04F79EFBC}") = "ConsoleApp04A", "ConsoleApp04A\ConsoleApp04A.csproj", "{9BD8C6C9-95E7-45B5-A4E2-894C0816C491}"
EndProject
Project("{FAE04EC0-301F-11D3-BF4B-00C04F79EFBC}") = "ConsoleApp04B", "ConsoleApp04B\ConsoleApp04B.csproj", "{5DA90A1C-3579-4D5F-8833-46880C8CE000}"
EndProject
Project("{FAE04EC0-301F-11D3-BF4B-00C04F79EFBC}") = "ConsoleApp05A", "ConsoleApp05A\ConsoleApp05A.csproj", "{6958BE71-E6A6-4615-AC80-CE0A2AF53767}"
EndProject
Project("{FAE04EC0-301F-11D3-BF4B-00C04F79EFBC}") = "ConsoleApp05B", "ConsoleApp05B\ConsoleApp05B.csproj", "{D1ECAE13-CAA5-47B6-88D1-978F68723C51}"
EndProject
Project("{FAE04EC0-301F-11D3-BF4B-00C04F79EFBC}") = "ConsoleApp06B", "ConsoleApp06B\ConsoleApp06B.csproj", "{90FF5DE3-63C6-475D-A4B5-955585092C07}"
EndProject
Project("{FAE04EC0-301F-11D3-BF4B-00C04F79EFBC}") = "ConsoleApp08A", "ConsoleApp08A\ConsoleApp08A.csproj", "{6ED6C1DC-016D-48FC-9AAF-965DE9C9C7D8}"
EndProject
Project("{FAE04EC0-301F-11D3-BF4B-00C04F79EFBC}") = "ConsoleApp08B", "ConsoleApp08B\ConsoleApp08B.csproj", "{3EE510BF-FBB4-4033-AEB6-3366C9890D41}"
EndProject
Project("{FAE04EC0-301F-11D3-BF4B-00C04F79EFBC}") = "ConsoleApp07A", "ConsoleApp07A\ConsoleApp07A.csproj", "{4D0D9907-C696-49BD-9FC5-E53CEF6A8992}"
EndProject
Project("{FAE04EC0-301F-11D3-BF4B-00C04F79EFBC}") = "ConsoleApp07B", "ConsoleApp07B\ConsoleApp07B.csproj", "{2F0E9270-4A01-454C-BE60-1583FC5027B6}"
EndProject
Project("{FAE04EC0-301F-11D3-BF4B-00C04F79EFBC}") = "ConsoleApp09A", "ConsoleApp09A\ConsoleApp09A.csproj", "{2D7B00A0-AC62-4F15-BB29-786EF6F2BC29}"
EndProject
Project("{FAE04EC0-301F-11D3-BF4B-00C04F79EFBC}") = "ConsoleApp09B", "ConsoleApp09B\ConsoleApp09B.csproj", "{82F9622F-C467-4FCD-BBC9-640B1092C04F}"
EndProject
Project("{FAE04EC0-301F-11D3-BF4B-00C04F79EFBC}") = "ConsoleApp10A", "ConsoleApp10A\ConsoleApp10A.csproj", "{08C934DA-3909-470A-8990-81F3AF427DC9}"
EndProject
Project("{FAE04EC0-301F-11D3-BF4B-00C04F79EFBC}") = "ConsoleApp10B", "ConsoleApp10B\ConsoleApp10B.csproj", "{17B5D30F-3050-4B95-A898-532B7C3373E7}"
EndProject
Project("{FAE04EC0-301F-11D3-BF4B-00C04F79EFBC}") = "ConsoleApp11A", "ConsoleApp11A\ConsoleApp11A.csproj", "{3D95C2BA-42FE-4F53-9FEA-094632DB0F88}"
EndProject
Project("{FAE04EC0-301F-11D3-BF4B-00C04F79EFBC}") = "ConsoleApp11B", "ConsoleApp11B\ConsoleApp11B.csproj", "{069C2C02-1F31-4BC3-9BBC-3AF69911429B}"
EndProject
Project("{FAE04EC0-301F-11D3-BF4B-00C04F79EFBC}") = "ConsoleApp12A", "ConsoleApp12A\ConsoleApp12A.csproj", "{06E7AA6B-131B-4565-8591-9DA895DE975E}"
EndProject
Project("{FAE04EC0-301F-11D3-BF4B-00C04F79EFBC}") = "ConsoleApp12B", "ConsoleApp12B\ConsoleApp12B.csproj", "{0243EDEF-CE8A-40CD-9859-5C0F11547682}"
EndProject
Project("{FAE04EC0-301F-11D3-BF4B-00C04F79EFBC}") = "ConsoleApp13A", "ConsoleApp13A\ConsoleApp13A.csproj", "{3A5F27C4-0F88-48EF-B74D-B5B3283E3709}"
EndProject
Project("{FAE04EC0-301F-11D3-BF4B-00C04F79EFBC}") = "ConsoleApp13B", "ConsoleApp13B\ConsoleApp13B.csproj", "{3E8C59FB-CEEB-4B92-A74F-AEC6F7EA2494}"
EndProject
Project("{FAE04EC0-301F-11D3-BF4B-00C04F79EFBC}") = "ConsoleApp14A", "ConsoleApp14A\ConsoleApp14A.csproj", "{27E89D05-EBD9-4992-BAF6-59D641BC719A}"
EndProject
Project("{FAE04EC0-301F-11D3-BF4B-00C04F79EFBC}") = "ConsoleApp14B", "ConsoleApp14B\ConsoleApp14B.csproj", "{27A88BFE-FD7B-4FAA-90BB-28A0391FA477}"
EndProject
Project("{FAE04EC0-301F-11D3-BF4B-00C04F79EFBC}") = "ConsoleApp15A", "ConsoleApp15A\ConsoleApp15A.csproj", "{7282ED75-0EDC-43DB-AB1C-52A1F24E6BFF}"
EndProject
Project("{FAE04EC0-301F-11D3-BF4B-00C04F79EFBC}") = "ConsoleApp15B", "ConsoleApp15B\ConsoleApp15B.csproj", "{948945C8-3730-4387-8F78-B7211381F72B}"
EndProject
Project("{FAE04EC0-301F-11D3-BF4B-00C04F79EFBC}") = "ConsoleApp16A", "ConsoleApp16A\ConsoleApp16A.csproj", "{99AB423A-3EF5-4B41-B011-1AEE03E6C3CD}"
EndProject
Project("{FAE04EC0-301F-11D3-BF4B-00C04F79EFBC}") = "ConsoleApp16B", "ConsoleApp16B\ConsoleApp16B.csproj", "{27BAC1F8-B332-460D-8C84-7CA31B399B2A}"
EndProject
Project("{FAE04EC0-301F-11D3-BF4B-00C04F79EFBC}") = "ConsoleApp17A", "ConsoleApp17A\ConsoleApp17A.csproj", "{862E8ADA-C929-43A7-B43C-FCE07187811A}"
EndProject
Project("{FAE04EC0-301F-11D3-BF4B-00C04F79EFBC}") = "ConsoleApp18A", "ConsoleApp18A\ConsoleApp18A.csproj", "{710B9456-818E-41C1-93B7-E3C0570DFD74}"
EndProject
Project("{FAE04EC0-301F-11D3-BF4B-00C04F79EFBC}") = "ConsoleApp18B", "ConsoleApp18B\ConsoleApp18B.csproj", "{AB22CA51-0699-449E-A099-FF4F67B778CB}"
EndProject
Project("{FAE04EC0-301F-11D3-BF4B-00C04F79EFBC}") = "ConsoleApp20A", "ConsoleApp20A\ConsoleApp20A.csproj", "{FC5D61FB-6C07-4771-86AD-05A5A0F1E73D}"
EndProject
Project("{FAE04EC0-301F-11D3-BF4B-00C04F79EFBC}") = "ConsoleApp20B", "ConsoleApp20B\ConsoleApp20B.csproj", "{7D7A7552-ABCC-4EB0-A4CB-91512B3D50CC}"
EndProject
Project("{FAE04EC0-301F-11D3-BF4B-00C04F79EFBC}") = "ConsoleApp23A", "ConsoleApp23A\ConsoleApp23A.csproj", "{0FA39255-F656-4012-98A0-7EA5A0988A9F}"
EndProject
Project("{FAE04EC0-301F-11D3-BF4B-00C04F79EFBC}") = "ConsoleApp23B", "ConsoleApp23B\ConsoleApp23B.csproj", "{60EA9F68-0D9E-4394-9AD3-3628C0598778}"
EndProject
Project("{FAE04EC0-301F-11D3-BF4B-00C04F79EFBC}") = "ConsoleApp24A", "ConsoleApp24A\ConsoleApp24A.csproj", "{5B721E3D-F6CD-4844-9FC7-D003CDDDA1D4}"
EndProject
Project("{FAE04EC0-301F-11D3-BF4B-00C04F79EFBC}") = "ConsoleApp22A", "ConsoleApp22A\ConsoleApp22A.csproj", "{7BBDB3F6-8F4E-45AC-AEE1-B6DE6DE92544}"
EndProject
Project("{FAE04EC0-301F-11D3-BF4B-00C04F79EFBC}") = "ConsoleApp25A", "ConsoleApp25A\ConsoleApp25A.csproj", "{FA48FD0E-8052-42DC-BB4E-417769B6A1E4}"
EndProject
Project("{FAE04EC0-301F-11D3-BF4B-00C04F79EFBC}") = "ConsoleApp19A", "ConsoleApp19A\ConsoleApp19A.csproj", "{C7D9947C-669F-4288-BF1D-A53A7157ADF5}"
EndProject
Global
	GlobalSection(SolutionConfigurationPlatforms) = preSolution
		Debug|Any CPU = Debug|Any CPU
		Release|Any CPU = Release|Any CPU
	EndGlobalSection
	GlobalSection(ProjectConfigurationPlatforms) = postSolution
		{0ED37D6E-CA93-4C05-8AC3-4A618E074CFD}.Debug|Any CPU.ActiveCfg = Debug|Any CPU
		{0ED37D6E-CA93-4C05-8AC3-4A618E074CFD}.Debug|Any CPU.Build.0 = Debug|Any CPU
		{0ED37D6E-CA93-4C05-8AC3-4A618E074CFD}.Release|Any CPU.ActiveCfg = Release|Any CPU
		{0ED37D6E-CA93-4C05-8AC3-4A618E074CFD}.Release|Any CPU.Build.0 = Release|Any CPU
		{4D66CB2C-1196-4ECC-A3C7-DCF0FC806A86}.Debug|Any CPU.ActiveCfg = Debug|Any CPU
		{4D66CB2C-1196-4ECC-A3C7-DCF0FC806A86}.Debug|Any CPU.Build.0 = Debug|Any CPU
		{4D66CB2C-1196-4ECC-A3C7-DCF0FC806A86}.Release|Any CPU.ActiveCfg = Release|Any CPU
		{4D66CB2C-1196-4ECC-A3C7-DCF0FC806A86}.Release|Any CPU.Build.0 = Release|Any CPU
		{D78EAD79-37B9-4A68-9798-34206A330ADC}.Debug|Any CPU.ActiveCfg = Debug|Any CPU
		{D78EAD79-37B9-4A68-9798-34206A330ADC}.Debug|Any CPU.Build.0 = Debug|Any CPU
		{D78EAD79-37B9-4A68-9798-34206A330ADC}.Release|Any CPU.ActiveCfg = Release|Any CPU
		{D78EAD79-37B9-4A68-9798-34206A330ADC}.Release|Any CPU.Build.0 = Release|Any CPU
		{92445ECD-69F2-435A-BAC3-555196F64EC3}.Debug|Any CPU.ActiveCfg = Debug|Any CPU
		{92445ECD-69F2-435A-BAC3-555196F64EC3}.Debug|Any CPU.Build.0 = Debug|Any CPU
		{92445ECD-69F2-435A-BAC3-555196F64EC3}.Release|Any CPU.ActiveCfg = Release|Any CPU
		{92445ECD-69F2-435A-BAC3-555196F64EC3}.Release|Any CPU.Build.0 = Release|Any CPU
		{9BD8C6C9-95E7-45B5-A4E2-894C0816C491}.Debug|Any CPU.ActiveCfg = Debug|Any CPU
		{9BD8C6C9-95E7-45B5-A4E2-894C0816C491}.Debug|Any CPU.Build.0 = Debug|Any CPU
		{9BD8C6C9-95E7-45B5-A4E2-894C0816C491}.Release|Any CPU.ActiveCfg = Release|Any CPU
		{9BD8C6C9-95E7-45B5-A4E2-894C0816C491}.Release|Any CPU.Build.0 = Release|Any CPU
		{5DA90A1C-3579-4D5F-8833-46880C8CE000}.Debug|Any CPU.ActiveCfg = Debug|Any CPU
		{5DA90A1C-3579-4D5F-8833-46880C8CE000}.Debug|Any CPU.Build.0 = Debug|Any CPU
		{5DA90A1C-3579-4D5F-8833-46880C8CE000}.Release|Any CPU.ActiveCfg = Release|Any CPU
		{5DA90A1C-3579-4D5F-8833-46880C8CE000}.Release|Any CPU.Build.0 = Release|Any CPU
		{6958BE71-E6A6-4615-AC80-CE0A2AF53767}.Debug|Any CPU.ActiveCfg = Debug|Any CPU
		{6958BE71-E6A6-4615-AC80-CE0A2AF53767}.Debug|Any CPU.Build.0 = Debug|Any CPU
		{6958BE71-E6A6-4615-AC80-CE0A2AF53767}.Release|Any CPU.ActiveCfg = Release|Any CPU
		{6958BE71-E6A6-4615-AC80-CE0A2AF53767}.Release|Any CPU.Build.0 = Release|Any CPU
		{D1ECAE13-CAA5-47B6-88D1-978F68723C51}.Debug|Any CPU.ActiveCfg = Debug|Any CPU
		{D1ECAE13-CAA5-47B6-88D1-978F68723C51}.Debug|Any CPU.Build.0 = Debug|Any CPU
		{D1ECAE13-CAA5-47B6-88D1-978F68723C51}.Release|Any CPU.ActiveCfg = Release|Any CPU
		{D1ECAE13-CAA5-47B6-88D1-978F68723C51}.Release|Any CPU.Build.0 = Release|Any CPU
		{90FF5DE3-63C6-475D-A4B5-955585092C07}.Debug|Any CPU.ActiveCfg = Debug|Any CPU
		{90FF5DE3-63C6-475D-A4B5-955585092C07}.Debug|Any CPU.Build.0 = Debug|Any CPU
		{90FF5DE3-63C6-475D-A4B5-955585092C07}.Release|Any CPU.ActiveCfg = Release|Any CPU
		{90FF5DE3-63C6-475D-A4B5-955585092C07}.Release|Any CPU.Build.0 = Release|Any CPU
		{6ED6C1DC-016D-48FC-9AAF-965DE9C9C7D8}.Debug|Any CPU.ActiveCfg = Debug|Any CPU
		{6ED6C1DC-016D-48FC-9AAF-965DE9C9C7D8}.Debug|Any CPU.Build.0 = Debug|Any CPU
		{6ED6C1DC-016D-48FC-9AAF-965DE9C9C7D8}.Release|Any CPU.ActiveCfg = Release|Any CPU
		{6ED6C1DC-016D-48FC-9AAF-965DE9C9C7D8}.Release|Any CPU.Build.0 = Release|Any CPU
		{3EE510BF-FBB4-4033-AEB6-3366C9890D41}.Debug|Any CPU.ActiveCfg = Debug|Any CPU
		{3EE510BF-FBB4-4033-AEB6-3366C9890D41}.Debug|Any CPU.Build.0 = Debug|Any CPU
		{3EE510BF-FBB4-4033-AEB6-3366C9890D41}.Release|Any CPU.ActiveCfg = Release|Any CPU
		{3EE510BF-FBB4-4033-AEB6-3366C9890D41}.Release|Any CPU.Build.0 = Release|Any CPU
		{4D0D9907-C696-49BD-9FC5-E53CEF6A8992}.Debug|Any CPU.ActiveCfg = Debug|Any CPU
		{4D0D9907-C696-49BD-9FC5-E53CEF6A8992}.Debug|Any CPU.Build.0 = Debug|Any CPU
		{4D0D9907-C696-49BD-9FC5-E53CEF6A8992}.Release|Any CPU.ActiveCfg = Release|Any CPU
		{4D0D9907-C696-49BD-9FC5-E53CEF6A8992}.Release|Any CPU.Build.0 = Release|Any CPU
		{2F0E9270-4A01-454C-BE60-1583FC5027B6}.Debug|Any CPU.ActiveCfg = Debug|Any CPU
		{2F0E9270-4A01-454C-BE60-1583FC5027B6}.Debug|Any CPU.Build.0 = Debug|Any CPU
		{2F0E9270-4A01-454C-BE60-1583FC5027B6}.Release|Any CPU.ActiveCfg = Release|Any CPU
		{2F0E9270-4A01-454C-BE60-1583FC5027B6}.Release|Any CPU.Build.0 = Release|Any CPU
		{2D7B00A0-AC62-4F15-BB29-786EF6F2BC29}.Debug|Any CPU.ActiveCfg = Debug|Any CPU
		{2D7B00A0-AC62-4F15-BB29-786EF6F2BC29}.Debug|Any CPU.Build.0 = Debug|Any CPU
		{2D7B00A0-AC62-4F15-BB29-786EF6F2BC29}.Release|Any CPU.ActiveCfg = Release|Any CPU
		{2D7B00A0-AC62-4F15-BB29-786EF6F2BC29}.Release|Any CPU.Build.0 = Release|Any CPU
		{82F9622F-C467-4FCD-BBC9-640B1092C04F}.Debug|Any CPU.ActiveCfg = Debug|Any CPU
		{82F9622F-C467-4FCD-BBC9-640B1092C04F}.Debug|Any CPU.Build.0 = Debug|Any CPU
		{82F9622F-C467-4FCD-BBC9-640B1092C04F}.Release|Any CPU.ActiveCfg = Release|Any CPU
		{82F9622F-C467-4FCD-BBC9-640B1092C04F}.Release|Any CPU.Build.0 = Release|Any CPU
		{08C934DA-3909-470A-8990-81F3AF427DC9}.Debug|Any CPU.ActiveCfg = Debug|Any CPU
		{08C934DA-3909-470A-8990-81F3AF427DC9}.Debug|Any CPU.Build.0 = Debug|Any CPU
		{08C934DA-3909-470A-8990-81F3AF427DC9}.Release|Any CPU.ActiveCfg = Release|Any CPU
		{08C934DA-3909-470A-8990-81F3AF427DC9}.Release|Any CPU.Build.0 = Release|Any CPU
		{17B5D30F-3050-4B95-A898-532B7C3373E7}.Debug|Any CPU.ActiveCfg = Debug|Any CPU
		{17B5D30F-3050-4B95-A898-532B7C3373E7}.Debug|Any CPU.Build.0 = Debug|Any CPU
		{17B5D30F-3050-4B95-A898-532B7C3373E7}.Release|Any CPU.ActiveCfg = Release|Any CPU
		{17B5D30F-3050-4B95-A898-532B7C3373E7}.Release|Any CPU.Build.0 = Release|Any CPU
		{3D95C2BA-42FE-4F53-9FEA-094632DB0F88}.Debug|Any CPU.ActiveCfg = Debug|Any CPU
		{3D95C2BA-42FE-4F53-9FEA-094632DB0F88}.Debug|Any CPU.Build.0 = Debug|Any CPU
		{3D95C2BA-42FE-4F53-9FEA-094632DB0F88}.Release|Any CPU.ActiveCfg = Release|Any CPU
		{3D95C2BA-42FE-4F53-9FEA-094632DB0F88}.Release|Any CPU.Build.0 = Release|Any CPU
		{069C2C02-1F31-4BC3-9BBC-3AF69911429B}.Debug|Any CPU.ActiveCfg = Debug|Any CPU
		{069C2C02-1F31-4BC3-9BBC-3AF69911429B}.Debug|Any CPU.Build.0 = Debug|Any CPU
		{069C2C02-1F31-4BC3-9BBC-3AF69911429B}.Release|Any CPU.ActiveCfg = Release|Any CPU
		{069C2C02-1F31-4BC3-9BBC-3AF69911429B}.Release|Any CPU.Build.0 = Release|Any CPU
		{06E7AA6B-131B-4565-8591-9DA895DE975E}.Debug|Any CPU.ActiveCfg = Debug|Any CPU
		{06E7AA6B-131B-4565-8591-9DA895DE975E}.Debug|Any CPU.Build.0 = Debug|Any CPU
		{06E7AA6B-131B-4565-8591-9DA895DE975E}.Release|Any CPU.ActiveCfg = Release|Any CPU
		{06E7AA6B-131B-4565-8591-9DA895DE975E}.Release|Any CPU.Build.0 = Release|Any CPU
		{0243EDEF-CE8A-40CD-9859-5C0F11547682}.Debug|Any CPU.ActiveCfg = Debug|Any CPU
		{0243EDEF-CE8A-40CD-9859-5C0F11547682}.Debug|Any CPU.Build.0 = Debug|Any CPU
		{0243EDEF-CE8A-40CD-9859-5C0F11547682}.Release|Any CPU.ActiveCfg = Release|Any CPU
		{0243EDEF-CE8A-40CD-9859-5C0F11547682}.Release|Any CPU.Build.0 = Release|Any CPU
		{3A5F27C4-0F88-48EF-B74D-B5B3283E3709}.Debug|Any CPU.ActiveCfg = Debug|Any CPU
		{3A5F27C4-0F88-48EF-B74D-B5B3283E3709}.Debug|Any CPU.Build.0 = Debug|Any CPU
		{3A5F27C4-0F88-48EF-B74D-B5B3283E3709}.Release|Any CPU.ActiveCfg = Release|Any CPU
		{3A5F27C4-0F88-48EF-B74D-B5B3283E3709}.Release|Any CPU.Build.0 = Release|Any CPU
		{3E8C59FB-CEEB-4B92-A74F-AEC6F7EA2494}.Debug|Any CPU.ActiveCfg = Debug|Any CPU
		{3E8C59FB-CEEB-4B92-A74F-AEC6F7EA2494}.Debug|Any CPU.Build.0 = Debug|Any CPU
		{3E8C59FB-CEEB-4B92-A74F-AEC6F7EA2494}.Release|Any CPU.ActiveCfg = Release|Any CPU
		{3E8C59FB-CEEB-4B92-A74F-AEC6F7EA2494}.Release|Any CPU.Build.0 = Release|Any CPU
		{27E89D05-EBD9-4992-BAF6-59D641BC719A}.Debug|Any CPU.ActiveCfg = Debug|Any CPU
		{27E89D05-EBD9-4992-BAF6-59D641BC719A}.Debug|Any CPU.Build.0 = Debug|Any CPU
		{27E89D05-EBD9-4992-BAF6-59D641BC719A}.Release|Any CPU.ActiveCfg = Release|Any CPU
		{27E89D05-EBD9-4992-BAF6-59D641BC719A}.Release|Any CPU.Build.0 = Release|Any CPU
		{27A88BFE-FD7B-4FAA-90BB-28A0391FA477}.Debug|Any CPU.ActiveCfg = Debug|Any CPU
		{27A88BFE-FD7B-4FAA-90BB-28A0391FA477}.Debug|Any CPU.Build.0 = Debug|Any CPU
		{27A88BFE-FD7B-4FAA-90BB-28A0391FA477}.Release|Any CPU.ActiveCfg = Release|Any CPU
		{27A88BFE-FD7B-4FAA-90BB-28A0391FA477}.Release|Any CPU.Build.0 = Release|Any CPU
		{7282ED75-0EDC-43DB-AB1C-52A1F24E6BFF}.Debug|Any CPU.ActiveCfg = Debug|Any CPU
		{7282ED75-0EDC-43DB-AB1C-52A1F24E6BFF}.Debug|Any CPU.Build.0 = Debug|Any CPU
		{7282ED75-0EDC-43DB-AB1C-52A1F24E6BFF}.Release|Any CPU.ActiveCfg = Release|Any CPU
		{7282ED75-0EDC-43DB-AB1C-52A1F24E6BFF}.Release|Any CPU.Build.0 = Release|Any CPU
		{948945C8-3730-4387-8F78-B7211381F72B}.Debug|Any CPU.ActiveCfg = Debug|Any CPU
		{948945C8-3730-4387-8F78-B7211381F72B}.Debug|Any CPU.Build.0 = Debug|Any CPU
		{948945C8-3730-4387-8F78-B7211381F72B}.Release|Any CPU.ActiveCfg = Release|Any CPU
		{948945C8-3730-4387-8F78-B7211381F72B}.Release|Any CPU.Build.0 = Release|Any CPU
		{99AB423A-3EF5-4B41-B011-1AEE03E6C3CD}.Debug|Any CPU.ActiveCfg = Debug|Any CPU
		{99AB423A-3EF5-4B41-B011-1AEE03E6C3CD}.Debug|Any CPU.Build.0 = Debug|Any CPU
		{99AB423A-3EF5-4B41-B011-1AEE03E6C3CD}.Release|Any CPU.ActiveCfg = Release|Any CPU
		{99AB423A-3EF5-4B41-B011-1AEE03E6C3CD}.Release|Any CPU.Build.0 = Release|Any CPU
		{27BAC1F8-B332-460D-8C84-7CA31B399B2A}.Debug|Any CPU.ActiveCfg = Debug|Any CPU
		{27BAC1F8-B332-460D-8C84-7CA31B399B2A}.Debug|Any CPU.Build.0 = Debug|Any CPU
		{27BAC1F8-B332-460D-8C84-7CA31B399B2A}.Release|Any CPU.ActiveCfg = Release|Any CPU
		{27BAC1F8-B332-460D-8C84-7CA31B399B2A}.Release|Any CPU.Build.0 = Release|Any CPU
		{862E8ADA-C929-43A7-B43C-FCE07187811A}.Debug|Any CPU.ActiveCfg = Debug|Any CPU
		{862E8ADA-C929-43A7-B43C-FCE07187811A}.Debug|Any CPU.Build.0 = Debug|Any CPU
		{862E8ADA-C929-43A7-B43C-FCE07187811A}.Release|Any CPU.ActiveCfg = Release|Any CPU
		{862E8ADA-C929-43A7-B43C-FCE07187811A}.Release|Any CPU.Build.0 = Release|Any CPU
		{710B9456-818E-41C1-93B7-E3C0570DFD74}.Debug|Any CPU.ActiveCfg = Debug|Any CPU
		{710B9456-818E-41C1-93B7-E3C0570DFD74}.Debug|Any CPU.Build.0 = Debug|Any CPU
		{710B9456-818E-41C1-93B7-E3C0570DFD74}.Release|Any CPU.ActiveCfg = Release|Any CPU
		{710B9456-818E-41C1-93B7-E3C0570DFD74}.Release|Any CPU.Build.0 = Release|Any CPU
		{AB22CA51-0699-449E-A099-FF4F67B778CB}.Debug|Any CPU.ActiveCfg = Debug|Any CPU
		{AB22CA51-0699-449E-A099-FF4F67B778CB}.Debug|Any CPU.Build.0 = Debug|Any CPU
		{AB22CA51-0699-449E-A099-FF4F67B778CB}.Release|Any CPU.ActiveCfg = Release|Any CPU
		{AB22CA51-0699-449E-A099-FF4F67B778CB}.Release|Any CPU.Build.0 = Release|Any CPU
		{FC5D61FB-6C07-4771-86AD-05A5A0F1E73D}.Debug|Any CPU.ActiveCfg = Debug|Any CPU
		{FC5D61FB-6C07-4771-86AD-05A5A0F1E73D}.Debug|Any CPU.Build.0 = Debug|Any CPU
		{FC5D61FB-6C07-4771-86AD-05A5A0F1E73D}.Release|Any CPU.ActiveCfg = Release|Any CPU
		{FC5D61FB-6C07-4771-86AD-05A5A0F1E73D}.Release|Any CPU.Build.0 = Release|Any CPU
		{7D7A7552-ABCC-4EB0-A4CB-91512B3D50CC}.Debug|Any CPU.ActiveCfg = Debug|Any CPU
		{7D7A7552-ABCC-4EB0-A4CB-91512B3D50CC}.Debug|Any CPU.Build.0 = Debug|Any CPU
		{7D7A7552-ABCC-4EB0-A4CB-91512B3D50CC}.Release|Any CPU.ActiveCfg = Release|Any CPU
		{7D7A7552-ABCC-4EB0-A4CB-91512B3D50CC}.Release|Any CPU.Build.0 = Release|Any CPU
		{0FA39255-F656-4012-98A0-7EA5A0988A9F}.Debug|Any CPU.ActiveCfg = Debug|Any CPU
		{0FA39255-F656-4012-98A0-7EA5A0988A9F}.Debug|Any CPU.Build.0 = Debug|Any CPU
		{0FA39255-F656-4012-98A0-7EA5A0988A9F}.Release|Any CPU.ActiveCfg = Release|Any CPU
		{0FA39255-F656-4012-98A0-7EA5A0988A9F}.Release|Any CPU.Build.0 = Release|Any CPU
		{60EA9F68-0D9E-4394-9AD3-3628C0598778}.Debug|Any CPU.ActiveCfg = Debug|Any CPU
		{60EA9F68-0D9E-4394-9AD3-3628C0598778}.Debug|Any CPU.Build.0 = Debug|Any CPU
		{60EA9F68-0D9E-4394-9AD3-3628C0598778}.Release|Any CPU.ActiveCfg = Release|Any CPU
		{60EA9F68-0D9E-4394-9AD3-3628C0598778}.Release|Any CPU.Build.0 = Release|Any CPU
		{5B721E3D-F6CD-4844-9FC7-D003CDDDA1D4}.Debug|Any CPU.ActiveCfg = Debug|Any CPU
		{5B721E3D-F6CD-4844-9FC7-D003CDDDA1D4}.Debug|Any CPU.Build.0 = Debug|Any CPU
		{5B721E3D-F6CD-4844-9FC7-D003CDDDA1D4}.Release|Any CPU.ActiveCfg = Release|Any CPU
		{5B721E3D-F6CD-4844-9FC7-D003CDDDA1D4}.Release|Any CPU.Build.0 = Release|Any CPU
		{7BBDB3F6-8F4E-45AC-AEE1-B6DE6DE92544}.Debug|Any CPU.ActiveCfg = Debug|Any CPU
		{7BBDB3F6-8F4E-45AC-AEE1-B6DE6DE92544}.Debug|Any CPU.Build.0 = Debug|Any CPU
		{7BBDB3F6-8F4E-45AC-AEE1-B6DE6DE92544}.Release|Any CPU.ActiveCfg = Release|Any CPU
		{7BBDB3F6-8F4E-45AC-AEE1-B6DE6DE92544}.Release|Any CPU.Build.0 = Release|Any CPU
		{FA48FD0E-8052-42DC-BB4E-417769B6A1E4}.Debug|Any CPU.ActiveCfg = Debug|Any CPU
		{FA48FD0E-8052-42DC-BB4E-417769B6A1E4}.Debug|Any CPU.Build.0 = Debug|Any CPU
		{FA48FD0E-8052-42DC-BB4E-417769B6A1E4}.Release|Any CPU.ActiveCfg = Release|Any CPU
		{FA48FD0E-8052-42DC-BB4E-417769B6A1E4}.Release|Any CPU.Build.0 = Release|Any CPU
		{C7D9947C-669F-4288-BF1D-A53A7157ADF5}.Debug|Any CPU.ActiveCfg = Debug|Any CPU
		{C7D9947C-669F-4288-BF1D-A53A7157ADF5}.Debug|Any CPU.Build.0 = Debug|Any CPU
		{C7D9947C-669F-4288-BF1D-A53A7157ADF5}.Release|Any CPU.ActiveCfg = Release|Any CPU
		{C7D9947C-669F-4288-BF1D-A53A7157ADF5}.Release|Any CPU.Build.0 = Release|Any CPU
	EndGlobalSection
EndGlobal
